
Microsoft Visual Studio Solution File, Format Version 12.00
# Visual Studio 2012
Project("{FAE04EC0-301F-11D3-BF4B-00C04F79EFBC}") = "NetPing_modern", "NetPing_modern\NetPing_modern.csproj", "{F453E5A2-B0BD-4690-8887-F5A6A944371F}"
EndProject
Project("{FAE04EC0-301F-11D3-BF4B-00C04F79EFBC}") = "NetPing.PriceGeneration", "NetPing.PriceGeneration\NetPing.PriceGeneration.csproj", "{27129F28-7703-4EC4-B41C-B51D0DC1EF4A}"
EndProject
Global
	GlobalSection(SolutionConfigurationPlatforms) = preSolution
		Debug|Any CPU = Debug|Any CPU
		Release|Any CPU = Release|Any CPU
	EndGlobalSection
	GlobalSection(ProjectConfigurationPlatforms) = postSolution
		{F453E5A2-B0BD-4690-8887-F5A6A944371F}.Debug|Any CPU.ActiveCfg = Debug|Any CPU
		{F453E5A2-B0BD-4690-8887-F5A6A944371F}.Debug|Any CPU.Build.0 = Debug|Any CPU
		{F453E5A2-B0BD-4690-8887-F5A6A944371F}.Release|Any CPU.ActiveCfg = Debug|Any CPU
		{F453E5A2-B0BD-4690-8887-F5A6A944371F}.Release|Any CPU.Build.0 = Debug|Any CPU
		{27129F28-7703-4EC4-B41C-B51D0DC1EF4A}.Debug|Any CPU.ActiveCfg = Debug|Any CPU
		{27129F28-7703-4EC4-B41C-B51D0DC1EF4A}.Debug|Any CPU.Build.0 = Debug|Any CPU
		{27129F28-7703-4EC4-B41C-B51D0DC1EF4A}.Release|Any CPU.ActiveCfg = Release|Any CPU
		{27129F28-7703-4EC4-B41C-B51D0DC1EF4A}.Release|Any CPU.Build.0 = Release|Any CPU
	EndGlobalSection
	GlobalSection(SolutionProperties) = preSolution
		HideSolutionNode = FALSE
	EndGlobalSection
EndGlobal
